
Microsoft Visual Studio Solution File, Format Version 12.00
# Visual Studio 15
VisualStudioVersion = 15.0.28010.2048
MinimumVisualStudioVersion = 10.0.40219.1
Project("{FAE04EC0-301F-11D3-BF4B-00C04F79EFBC}") = "Homework7", "Homework7\Homework7.csproj", "{12294556-17AF-47F8-9243-D3EEE87D2B90}"
EndProject
Global
	GlobalSection(SolutionConfigurationPlatforms) = preSolution
		Debug|Any CPU = Debug|Any CPU
		Release|Any CPU = Release|Any CPU
	EndGlobalSection
	GlobalSection(ProjectConfigurationPlatforms) = postSolution
		{12294556-17AF-47F8-9243-D3EEE87D2B90}.Debug|Any CPU.ActiveCfg = Debug|Any CPU
		{12294556-17AF-47F8-9243-D3EEE87D2B90}.Debug|Any CPU.Build.0 = Debug|Any CPU
		{12294556-17AF-47F8-9243-D3EEE87D2B90}.Release|Any CPU.ActiveCfg = Release|Any CPU
		{12294556-17AF-47F8-9243-D3EEE87D2B90}.Release|Any CPU.Build.0 = Release|Any CPU
	EndGlobalSection
	GlobalSection(SolutionProperties) = preSolution
		HideSolutionNode = FALSE
	EndGlobalSection
	GlobalSection(ExtensibilityGlobals) = postSolution
		SolutionGuid = {05A6A978-DD3F-4BAA-A970-949C2510C903}
	EndGlobalSection
EndGlobal
